// !$*UTF8*$!
{
	archiveVersion = 1;
	classes = {
	};
	objectVersion = 50;
	objects = {

/* Begin PBXBuildFile section */
		6D08494722F777D2009B09A2 /* AppDelegate.swift in Sources */ = {isa = PBXBuildFile; fileRef = 6D08494622F777D2009B09A2 /* AppDelegate.swift */; };
		6D08494E22F777D3009B09A2 /* Main.storyboard in Resources */ = {isa = PBXBuildFile; fileRef = 6D08494C22F777D3009B09A2 /* Main.storyboard */; };
		6D08495022F777D3009B09A2 /* Assets.xcassets in Resources */ = {isa = PBXBuildFile; fileRef = 6D08494F22F777D3009B09A2 /* Assets.xcassets */; };
		6D08495322F777D3009B09A2 /* LaunchScreen.storyboard in Resources */ = {isa = PBXBuildFile; fileRef = 6D08495122F777D3009B09A2 /* LaunchScreen.storyboard */; };
		6D08495B22F77E2E009B09A2 /* SessionsViewController.swift in Sources */ = {isa = PBXBuildFile; fileRef = 6D08495A22F77E2E009B09A2 /* SessionsViewController.swift */; };
		6D08495D22F77E4E009B09A2 /* AddSpeakerViewController.swift in Sources */ = {isa = PBXBuildFile; fileRef = 6D08495C22F77E4E009B09A2 /* AddSpeakerViewController.swift */; };
		6D08495F22F77E58009B09A2 /* AddSessionViewController.swift in Sources */ = {isa = PBXBuildFile; fileRef = 6D08495E22F77E58009B09A2 /* AddSessionViewController.swift */; };
		6D08496122F77EA9009B09A2 /* SessionTableViewCell.swift in Sources */ = {isa = PBXBuildFile; fileRef = 6D08496022F77EA9009B09A2 /* SessionTableViewCell.swift */; };
		7A02983322F788FB00BC0AAC /* Demo.xcdatamodeld in Sources */ = {isa = PBXBuildFile; fileRef = 7A02983122F788FB00BC0AAC /* Demo.xcdatamodeld */; };
		7A02985A22F78B9C00BC0AAC /* DataStore.swift in Sources */ = {isa = PBXBuildFile; fileRef = 7A02985922F78B9C00BC0AAC /* DataStore.swift */; };
/* End PBXBuildFile section */

/* Begin PBXFileReference section */
		6D08494322F777D2009B09A2 /* CoreDataDemo.app */ = {isa = PBXFileReference; explicitFileType = wrapper.application; includeInIndex = 0; path = CoreDataDemo.app; sourceTree = BUILT_PRODUCTS_DIR; };
		6D08494622F777D2009B09A2 /* AppDelegate.swift */ = {isa = PBXFileReference; lastKnownFileType = sourcecode.swift; path = AppDelegate.swift; sourceTree = "<group>"; };
		6D08494D22F777D3009B09A2 /* Base */ = {isa = PBXFileReference; lastKnownFileType = file.storyboard; name = Base; path = Base.lproj/Main.storyboard; sourceTree = "<group>"; };
		6D08494F22F777D3009B09A2 /* Assets.xcassets */ = {isa = PBXFileReference; lastKnownFileType = folder.assetcatalog; path = Assets.xcassets; sourceTree = "<group>"; };
		6D08495222F777D3009B09A2 /* Base */ = {isa = PBXFileReference; lastKnownFileType = file.storyboard; name = Base; path = Base.lproj/LaunchScreen.storyboard; sourceTree = "<group>"; };
		6D08495422F777D3009B09A2 /* Info.plist */ = {isa = PBXFileReference; lastKnownFileType = text.plist.xml; path = Info.plist; sourceTree = "<group>"; };
		6D08495A22F77E2E009B09A2 /* SessionsViewController.swift */ = {isa = PBXFileReference; lastKnownFileType = sourcecode.swift; path = SessionsViewController.swift; sourceTree = "<group>"; };
		6D08495C22F77E4E009B09A2 /* AddSpeakerViewController.swift */ = {isa = PBXFileReference; lastKnownFileType = sourcecode.swift; path = AddSpeakerViewController.swift; sourceTree = "<group>"; };
		6D08495E22F77E58009B09A2 /* AddSessionViewController.swift */ = {isa = PBXFileReference; lastKnownFileType = sourcecode.swift; path = AddSessionViewController.swift; sourceTree = "<group>"; };
		6D08496022F77EA9009B09A2 /* SessionTableViewCell.swift */ = {isa = PBXFileReference; lastKnownFileType = sourcecode.swift; path = SessionTableViewCell.swift; sourceTree = "<group>"; };
		7A02983222F788FB00BC0AAC /* Demo.xcdatamodel */ = {isa = PBXFileReference; lastKnownFileType = wrapper.xcdatamodel; path = Demo.xcdatamodel; sourceTree = "<group>"; };
		7A02985922F78B9C00BC0AAC /* DataStore.swift */ = {isa = PBXFileReference; lastKnownFileType = sourcecode.swift; path = DataStore.swift; sourceTree = "<group>"; };
/* End PBXFileReference section */

/* Begin PBXFrameworksBuildPhase section */
		6D08494022F777D2009B09A2 /* Frameworks */ = {
			isa = PBXFrameworksBuildPhase;
			buildActionMask = 2147483647;
			files = (
			);
			runOnlyForDeploymentPostprocessing = 0;
		};
/* End PBXFrameworksBuildPhase section */

/* Begin PBXGroup section */
		6D08493A22F777D2009B09A2 = {
			isa = PBXGroup;
			children = (
				6D08494522F777D2009B09A2 /* CoreDataDemo */,
				6D08494422F777D2009B09A2 /* Products */,
			);
			sourceTree = "<group>";
		};
		6D08494422F777D2009B09A2 /* Products */ = {
			isa = PBXGroup;
			children = (
				6D08494322F777D2009B09A2 /* CoreDataDemo.app */,
			);
			name = Products;
			sourceTree = "<group>";
		};
		6D08494522F777D2009B09A2 /* CoreDataDemo */ = {
			isa = PBXGroup;
			children = (
				7A02983122F788FB00BC0AAC /* Demo.xcdatamodeld */,
				6D08494622F777D2009B09A2 /* AppDelegate.swift */,
				7A02985922F78B9C00BC0AAC /* DataStore.swift */,
				6D08494C22F777D3009B09A2 /* Main.storyboard */,
				6D08494F22F777D3009B09A2 /* Assets.xcassets */,
				6D08495122F777D3009B09A2 /* LaunchScreen.storyboard */,
				6D08495422F777D3009B09A2 /* Info.plist */,
				6D08495A22F77E2E009B09A2 /* SessionsViewController.swift */,
				6D08495C22F77E4E009B09A2 /* AddSpeakerViewController.swift */,
				6D08495E22F77E58009B09A2 /* AddSessionViewController.swift */,
				6D08496022F77EA9009B09A2 /* SessionTableViewCell.swift */,
			);
			path = CoreDataDemo;
			sourceTree = "<group>";
		};
/* End PBXGroup section */

/* Begin PBXNativeTarget section */
		6D08494222F777D2009B09A2 /* CoreDataDemo */ = {
			isa = PBXNativeTarget;
			buildConfigurationList = 6D08495722F777D3009B09A2 /* Build configuration list for PBXNativeTarget "CoreDataDemo" */;
			buildPhases = (
				6D08493F22F777D2009B09A2 /* Sources */,
				6D08494022F777D2009B09A2 /* Frameworks */,
				6D08494122F777D2009B09A2 /* Resources */,
			);
			buildRules = (
			);
			dependencies = (
			);
			name = CoreDataDemo;
			productName = CoreData;
			productReference = 6D08494322F777D2009B09A2 /* CoreDataDemo.app */;
			productType = "com.apple.product-type.application";
		};
/* End PBXNativeTarget section */

/* Begin PBXProject section */
		6D08493B22F777D2009B09A2 /* Project object */ = {
			isa = PBXProject;
			attributes = {
				LastSwiftUpdateCheck = 1030;
				LastUpgradeCheck = 1030;
				ORGANIZATIONNAME = "Matthew Dias";
				TargetAttributes = {
					6D08494222F777D2009B09A2 = {
						CreatedOnToolsVersion = 10.3;
					};
				};
			};
			buildConfigurationList = 6D08493E22F777D2009B09A2 /* Build configuration list for PBXProject "CoreDataDemo" */;
			compatibilityVersion = "Xcode 9.3";
			developmentRegion = en;
			hasScannedForEncodings = 0;
			knownRegions = (
				en,
				Base,
			);
			mainGroup = 6D08493A22F777D2009B09A2;
			productRefGroup = 6D08494422F777D2009B09A2 /* Products */;
			projectDirPath = "";
			projectRoot = "";
			targets = (
				6D08494222F777D2009B09A2 /* CoreDataDemo */,
			);
		};
/* End PBXProject section */

/* Begin PBXResourcesBuildPhase section */
		6D08494122F777D2009B09A2 /* Resources */ = {
			isa = PBXResourcesBuildPhase;
			buildActionMask = 2147483647;
			files = (
				6D08495322F777D3009B09A2 /* LaunchScreen.storyboard in Resources */,
				6D08495022F777D3009B09A2 /* Assets.xcassets in Resources */,
				6D08494E22F777D3009B09A2 /* Main.storyboard in Resources */,
			);
			runOnlyForDeploymentPostprocessing = 0;
		};
/* End PBXResourcesBuildPhase section */

/* Begin PBXSourcesBuildPhase section */
		6D08493F22F777D2009B09A2 /* Sources */ = {
			isa = PBXSourcesBuildPhase;
			buildActionMask = 2147483647;
			files = (
				7A02985A22F78B9C00BC0AAC /* DataStore.swift in Sources */,
				7A02983322F788FB00BC0AAC /* Demo.xcdatamodeld in Sources */,
				6D08494722F777D2009B09A2 /* AppDelegate.swift in Sources */,
				6D08495F22F77E58009B09A2 /* AddSessionViewController.swift in Sources */,
				6D08496122F77EA9009B09A2 /* SessionTableViewCell.swift in Sources */,
				6D08495B22F77E2E009B09A2 /* SessionsViewController.swift in Sources */,
				6D08495D22F77E4E009B09A2 /* AddSpeakerViewController.swift in Sources */,
			);
			runOnlyForDeploymentPostprocessing = 0;
		};
/* End PBXSourcesBuildPhase section */

/* Begin PBXVariantGroup section */
		6D08494C22F777D3009B09A2 /* Main.storyboard */ = {
			isa = PBXVariantGroup;
			children = (
				6D08494D22F777D3009B09A2 /* Base */,
			);
			name = Main.storyboard;
			sourceTree = "<group>";
		};
		6D08495122F777D3009B09A2 /* LaunchScreen.storyboard */ = {
			isa = PBXVariantGroup;
			children = (
				6D08495222F777D3009B09A2 /* Base */,
			);
			name = LaunchScreen.storyboard;
			sourceTree = "<group>";
		};
/* End PBXVariantGroup section */

/* Begin XCBuildConfiguration section */
		6D08495522F777D3009B09A2 /* Debug */ = {
			isa = XCBuildConfiguration;
			buildSettings = {
				ALWAYS_SEARCH_USER_PATHS = NO;
				CLANG_ANALYZER_NONNULL = YES;
				CLANG_ANALYZER_NUMBER_OBJECT_CONVERSION = YES_AGGRESSIVE;
				CLANG_CXX_LANGUAGE_STANDARD = "gnu++14";
				CLANG_CXX_LIBRARY = "libc++";
				CLANG_ENABLE_MODULES = YES;
				CLANG_ENABLE_OBJC_ARC = YES;
				CLANG_ENABLE_OBJC_WEAK = YES;
				CLANG_WARN_BLOCK_CAPTURE_AUTORELEASING = YES;
				CLANG_WARN_BOOL_CONVERSION = YES;
				CLANG_WARN_COMMA = YES;
				CLANG_WARN_CONSTANT_CONVERSION = YES;
				CLANG_WARN_DEPRECATED_OBJC_IMPLEMENTATIONS = YES;
				CLANG_WARN_DIRECT_OBJC_ISA_USAGE = YES_ERROR;
				CLANG_WARN_DOCUMENTATION_COMMENTS = YES;
				CLANG_WARN_EMPTY_BODY = YES;
				CLANG_WARN_ENUM_CONVERSION = YES;
				CLANG_WARN_INFINITE_RECURSION = YES;
				CLANG_WARN_INT_CONVERSION = YES;
				CLANG_WARN_NON_LITERAL_NULL_CONVERSION = YES;
				CLANG_WARN_OBJC_IMPLICIT_RETAIN_SELF = YES;
				CLANG_WARN_OBJC_LITERAL_CONVERSION = YES;
				CLANG_WARN_OBJC_ROOT_CLASS = YES_ERROR;
				CLANG_WARN_RANGE_LOOP_ANALYSIS = YES;
				CLANG_WARN_STRICT_PROTOTYPES = YES;
				CLANG_WARN_SUSPICIOUS_MOVE = YES;
				CLANG_WARN_UNGUARDED_AVAILABILITY = YES_AGGRESSIVE;
				CLANG_WARN_UNREACHABLE_CODE = YES;
				CLANG_WARN__DUPLICATE_METHOD_MATCH = YES;
				CODE_SIGN_IDENTITY = "iPhone Developer";
				COPY_PHASE_STRIP = NO;
				DEBUG_INFORMATION_FORMAT = dwarf;
				ENABLE_STRICT_OBJC_MSGSEND = YES;
				ENABLE_TESTABILITY = YES;
				GCC_C_LANGUAGE_STANDARD = gnu11;
				GCC_DYNAMIC_NO_PIC = NO;
				GCC_NO_COMMON_BLOCKS = YES;
				GCC_OPTIMIZATION_LEVEL = 0;
				GCC_PREPROCESSOR_DEFINITIONS = (
					"DEBUG=1",
					"$(inherited)",
				);
				GCC_WARN_64_TO_32_BIT_CONVERSION = YES;
				GCC_WARN_ABOUT_RETURN_TYPE = YES_ERROR;
				GCC_WARN_UNDECLARED_SELECTOR = YES;
				GCC_WARN_UNINITIALIZED_AUTOS = YES_AGGRESSIVE;
				GCC_WARN_UNUSED_FUNCTION = YES;
				GCC_WARN_UNUSED_VARIABLE = YES;
				IPHONEOS_DEPLOYMENT_TARGET = 12.4;
				MTL_ENABLE_DEBUG_INFO = INCLUDE_SOURCE;
				MTL_FAST_MATH = YES;
				ONLY_ACTIVE_ARCH = YES;
				SDKROOT = iphoneos;
				SWIFT_ACTIVE_COMPILATION_CONDITIONS = DEBUG;
				SWIFT_OPTIMIZATION_LEVEL = "-Onone";
			};
			name = Debug;
		};
		6D08495622F777D3009B09A2 /* Release */ = {
			isa = XCBuildConfiguration;
			buildSettings = {
				ALWAYS_SEARCH_USER_PATHS = NO;
				CLANG_ANALYZER_NONNULL = YES;
				CLANG_ANALYZER_NUMBER_OBJECT_CONVERSION = YES_AGGRESSIVE;
				CLANG_CXX_LANGUAGE_STANDARD = "gnu++14";
				CLANG_CXX_LIBRARY = "libc++";
				CLANG_ENABLE_MODULES = YES;
				CLANG_ENABLE_OBJC_ARC = YES;
				CLANG_ENABLE_OBJC_WEAK = YES;
				CLANG_WARN_BLOCK_CAPTURE_AUTORELEASING = YES;
				CLANG_WARN_BOOL_CONVERSION = YES;
				CLANG_WARN_COMMA = YES;
				CLANG_WARN_CONSTANT_CONVERSION = YES;
				CLANG_WARN_DEPRECATED_OBJC_IMPLEMENTATIONS = YES;
				CLANG_WARN_DIRECT_OBJC_ISA_USAGE = YES_ERROR;
				CLANG_WARN_DOCUMENTATION_COMMENTS = YES;
				CLANG_WARN_EMPTY_BODY = YES;
				CLANG_WARN_ENUM_CONVERSION = YES;
				CLANG_WARN_INFINITE_RECURSION = YES;
				CLANG_WARN_INT_CONVERSION = YES;
				CLANG_WARN_NON_LITERAL_NULL_CONVERSION = YES;
				CLANG_WARN_OBJC_IMPLICIT_RETAIN_SELF = YES;
				CLANG_WARN_OBJC_LITERAL_CONVERSION = YES;
				CLANG_WARN_OBJC_ROOT_CLASS = YES_ERROR;
				CLANG_WARN_RANGE_LOOP_ANALYSIS = YES;
				CLANG_WARN_STRICT_PROTOTYPES = YES;
				CLANG_WARN_SUSPICIOUS_MOVE = YES;
				CLANG_WARN_UNGUARDED_AVAILABILITY = YES_AGGRESSIVE;
				CLANG_WARN_UNREACHABLE_CODE = YES;
				CLANG_WARN__DUPLICATE_METHOD_MATCH = YES;
				CODE_SIGN_IDENTITY = "iPhone Developer";
				COPY_PHASE_STRIP = NO;
				DEBUG_INFORMATION_FORMAT = "dwarf-with-dsym";
				ENABLE_NS_ASSERTIONS = NO;
				ENABLE_STRICT_OBJC_MSGSEND = YES;
				GCC_C_LANGUAGE_STANDARD = gnu11;
				GCC_NO_COMMON_BLOCKS = YES;
				GCC_WARN_64_TO_32_BIT_CONVERSION = YES;
				GCC_WARN_ABOUT_RETURN_TYPE = YES_ERROR;
				GCC_WARN_UNDECLARED_SELECTOR = YES;
				GCC_WARN_UNINITIALIZED_AUTOS = YES_AGGRESSIVE;
				GCC_WARN_UNUSED_FUNCTION = YES;
				GCC_WARN_UNUSED_VARIABLE = YES;
				IPHONEOS_DEPLOYMENT_TARGET = 12.4;
				MTL_ENABLE_DEBUG_INFO = NO;
				MTL_FAST_MATH = YES;
				SDKROOT = iphoneos;
				SWIFT_COMPILATION_MODE = wholemodule;
				SWIFT_OPTIMIZATION_LEVEL = "-O";
				VALIDATE_PRODUCT = YES;
			};
			name = Release;
		};
		6D08495822F777D3009B09A2 /* Debug */ = {
			isa = XCBuildConfiguration;
			buildSettings = {
				ASSETCATALOG_COMPILER_APPICON_NAME = AppIcon;
				CODE_SIGN_STYLE = Automatic;
				INFOPLIST_FILE = CoreDataDemo/Info.plist;
				LD_RUNPATH_SEARCH_PATHS = (
					"$(inherited)",
					"@executable_path/Frameworks",
				);
				PRODUCT_BUNDLE_IDENTIFIER = mattdias.CoreDataDemo;
				PRODUCT_NAME = "$(TARGET_NAME)";
				SWIFT_VERSION = 5.0;
				TARGETED_DEVICE_FAMILY = "1,2";
			};
			name = Debug;
		};
		6D08495922F777D3009B09A2 /* Release */ = {
			isa = XCBuildConfiguration;
			buildSettings = {
				ASSETCATALOG_COMPILER_APPICON_NAME = AppIcon;
				CODE_SIGN_STYLE = Automatic;
				INFOPLIST_FILE = CoreDataDemo/Info.plist;
				LD_RUNPATH_SEARCH_PATHS = (
					"$(inherited)",
					"@executable_path/Frameworks",
				);
				PRODUCT_BUNDLE_IDENTIFIER = mattdias.CoreDataDemo;
				PRODUCT_NAME = "$(TARGET_NAME)";
				SWIFT_VERSION = 5.0;
				TARGETED_DEVICE_FAMILY = "1,2";
			};
			name = Release;
		};
/* End XCBuildConfiguration section */

/* Begin XCConfigurationList section */
		6D08493E22F777D2009B09A2 /* Build configuration list for PBXProject "CoreDataDemo" */ = {
			isa = XCConfigurationList;
			buildConfigurations = (
				6D08495522F777D3009B09A2 /* Debug */,
				6D08495622F777D3009B09A2 /* Release */,
			);
			defaultConfigurationIsVisible = 0;
			defaultConfigurationName = Release;
		};
		6D08495722F777D3009B09A2 /* Build configuration list for PBXNativeTarget "CoreDataDemo" */ = {
			isa = XCConfigurationList;
			buildConfigurations = (
				6D08495822F777D3009B09A2 /* Debug */,
				6D08495922F777D3009B09A2 /* Release */,
			);
			defaultConfigurationIsVisible = 0;
			defaultConfigurationName = Release;
		};
/* End XCConfigurationList section */

/* Begin XCVersionGroup section */
		7A02983122F788FB00BC0AAC /* Demo.xcdatamodeld */ = {
			isa = XCVersionGroup;
			children = (
				7A02983222F788FB00BC0AAC /* Demo.xcdatamodel */,
			);
			currentVersion = 7A02983222F788FB00BC0AAC /* Demo.xcdatamodel */;
			path = Demo.xcdatamodeld;
			sourceTree = "<group>";
			versionGroupType = wrapper.xcdatamodel;
		};
/* End XCVersionGroup section */
	};
	rootObject = 6D08493B22F777D2009B09A2 /* Project object */;
}
